{
  "nodes": {
    "nixpkgs": {
      "locked": {
        "lastModified": 1630338749,
        "narHash": "sha256-J1LsmwGtlYpqIMYEi/amMKkk0VfRrwHaEs/uylugGnE=",
        "path": "/nix/store/y38w1iqhwlsa5aphd2kc1r1qii9al3aj-source",
        "rev": "8a2ec31e224de9461390cdd03e5e0b0290cdad0b",
        "type": "path"
      },
      "original": {
        "id": "nixpkgs",
        "type": "indirect"
      }
    },
    "quasar": {
      "inputs": {
        "nixpkgs": [
          "nixpkgs"
        ]
      },
      "locked": {
        "host": "git.c3pb.de",
        "lastModified": 1630872274,
        "narHash": "sha256-L2dkMWK+SszwKtlRLCs+VCpo5khVefLjy/lrhfaR2g4=",
        "owner": "jens",
        "repo": "quasar",
        "rev": "0d1aff4f6d57d45c58e42f212c073dce614ef78b",
        "type": "gitlab"
      },
      "original": {
        "host": "git.c3pb.de",
        "owner": "jens",
        "repo": "quasar",
        "type": "gitlab"
      }
    },
    "quasar-network": {
      "inputs": {
        "nixpkgs": [
          "nixpkgs"
        ],
        "quasar": "quasar"
      },
      "locked": {
        "host": "git.c3pb.de",
        "lastModified": 1630872307,
        "narHash": "sha256-NXgboGykYc2j3sxcp03lDwEBxvOEYd+zh9XF9SzoWA0=",
        "owner": "jens",
        "repo": "quasar-network",
        "rev": "199326fcd66af72a0b2eab18e5a33696ae5a1132",
        "type": "gitlab"
      },
      "original": {
        "host": "git.c3pb.de",
        "owner": "jens",
        "repo": "quasar-network",
        "type": "gitlab"
      }
    },
    "root": {
      "inputs": {
        "nixpkgs": "nixpkgs",
        "quasar-network": "quasar-network"
      }
    }
  },
  "root": "root",
  "version": 7
}
