{
  "nodes": {
    "nixpkgs": {
      "locked": {
        "lastModified": 1703013332,
        "narHash": "sha256-+tFNwMvlXLbJZXiMHqYq77z/RfmpfpiI3yjL6o/Zo9M=",
        "owner": "NixOS",
        "repo": "nixpkgs",
        "rev": "54aac082a4d9bb5bbc5c4e899603abfb76a3f6d6",
        "type": "github"
      },
      "original": {
        "owner": "NixOS",
        "ref": "nixos-unstable",
        "repo": "nixpkgs",
        "type": "github"
      }
    },
    "quasar": {
      "inputs": {
        "nixpkgs": "nixpkgs"
      },
      "locked": {
        "lastModified": 1705953351,
        "narHash": "sha256-RCEC4/kKxTpgRvshR6ht063oOjKyU/v/l4d5PSejSmk=",
        "owner": "queezle42",
        "repo": "quasar",
        "rev": "9c836cd950b1590ea14091020fec57ba4f9017bc",
        "type": "github"
      },
      "original": {
        "owner": "queezle42",
        "repo": "quasar",
        "type": "github"
      }
    },
    "root": {
      "inputs": {
        "nixpkgs": [
          "quasar",
          "nixpkgs"
        ],
        "quasar": "quasar"
      }
    }
  },
  "root": "root",
  "version": 7
}
